github.com/BurntSushi/toml v1.6.0 h1:dRaEfpa2VI55EwlIW72hMRHdWouJeRF7TPYhI+AUQjk=
github.com/BurntSushi/toml v1.6.0/go.mod h1:ukJfTF/6rtPPRCnwkur4qwRxa8vTRFBF0uk2lLoLwho=
github.com/google/go-cmp v0.7.0 h1:wk8382ETsv4JYUZwIsn6YpYiWiBsYLSJiTsyBybVuN8=
github.com/google/go-cmp v0.7.0/go.mod h1:pXiqmnSA92OHEEa9HXL2W4E7lf9JzCmGVUdgjX3N/iU=
github.com/iancoleman/orderedmap v0.3.0 h1:5cbR2grmZR/DiVt+VJopEhtVs9YGInGIxAoMJn+Ichc=
github.com/iancoleman/orderedmap v0.3.0/go.mod h1:XuLcCUkdL5owUCQeF2Ue9uuw1EptkJDkXXS7VoV7XGE=
github.com/podhmo/flagstruct v0.6.1 h1:0aO4Mc8jH8tVEhZ/vsEfMvKchXqS+lQ1xwCai/BQ6DI=
github.com/podhmo/flagstruct v0.6.1/go.mod h1:VvdvJu0YWEXm+Ctp1Lxqsw4B6CXSjo66GiQgcMtVBos=
github.com/spf13/pflag v1.0.10 h1:4EBh2KAYBwaONj6b2Ye1GiHfwjqyROoF4RwYO+vPwFk=
github.com/spf13/pflag v1.0.10/go.mod h1:McXfInJRrz4CZXVZOBLb0bTZqETkiAhM9Iw0y3An2Bg=
golang.org/x/exp/typeparams v0.0.0-20260611194520-c48552f49976 h1:GTD/WuaexTazIG/SxLOz4rEKZPDVilmVVC2nz4xhwfE=
golang.org/x/exp/typeparams v0.0.0-20260611194520-c48552f49976/go.mod h1:PqrXSW65cXDZH0k4IeUbhmg/bcAZDbzNz3byBpKCsXo=
golang.org/x/mod v0.41.0 h1:qJmnOUb4YB+FsEuM3HcWucdZASCPGhsX6uljO6pog0c=
golang.org/x/mod v0.41.0/go.mod h1:Ek9pY8RKWXwsWvd3rQiHYtMqkjSUV+s1Rj7j4H5Ur6o=
golang.org/x/sync v0.23.0 h1:KameEIfc1IkluZyXWLn39Wd4tURc6GbCiISGiZm2bQk=
golang.org/x/sync v0.23.0/go.mod h1:sUUOizhqBxiL6pEWpqNLUiaJn1ShEbZ6BBqskPbjZm0=
golang.org/x/sys v0.48.0 h1:bbX/i/6MgT9BVLM9RT1thmxL04yeTAhbEz4SyadbXoo=
golang.org/x/sys v0.48.0/go.mod h1:hNLxWAXmnKAxqDtdwIYC4bM9oQPEecfsnNMuSxOs3og=
golang.org/x/telemetry v0.0.0-20260908163034-4bcc4b2ee518 h1:F5BWKvW126NXR74uxkxuc1jQHhm/rwm/J3rSiFyuRs4=
golang.org/x/telemetry v0.0.0-20260908163034-4bcc4b2ee518/go.mod h1:i+ivNqjDnTF3WTElsdk5g9V5DTSBYgdNo7xTU9SDwYA=
golang.org/x/tools v0.50.0 h1:c2ifzfcuY7L90lZ2aKd8S4K2NpASF08SZx9ZuJkHmSU=
golang.org/x/tools v0.50.0/go.mod h1:7ulVMw3831Mwi5EZD6RomGyffr4VFjuNYXf2BbCEAV0=
golang.org/x/tools/go/expect v0.1.1-deprecated h1:jpBZDwmgPhXsKZC6WhL20P4b/wmnpsEAGHaNy0n/rJM=
golang.org/x/tools/go/expect v0.1.1-deprecated/go.mod h1:eihoPOH+FgIqa3FpoTwguz/bVUSGBlGQU67vpBeOrBY=
golang.org/x/tools/gopls v0.23.0 h1:Dn6mf9WXu9iLnTftDDMb9wV0c6Se7PjzEMqP0LEe08Y=
golang.org/x/tools/gopls v0.23.0/go.mod h1:Ijg67bAdTicg9IINxII7MV+dQpHEXM4646WpNWVYBP0=
honnef.co/go/tools v0.8.0-rc.1 h1:wqMm2kjcEXMOr+6yau+pdKqJKe6l2N1aKPkpini+Kzk=
honnef.co/go/tools v0.8.0-rc.1/go.mod h1:XA+OnlRA9EDh/ukGvXMNSZNKGwFQJ+5dER0ioUkOxks=
